
Microsoft Visual Studio Solution File, Format Version 12.00
# Visual Studio Version 17
VisualStudioVersion = 17.8.34330.188
MinimumVisualStudioVersion = 10.0.40219.1
Project("{9A19103F-16F7-4668-BE54-9A1E7A4F7556}") = "BMCA", "BMCA\BMCA.csproj", "{9D444918-88DB-4335-81D8-4B23843B7179}"
EndProject
Global
	GlobalSection(SolutionConfigurationPlatforms) = preSolution
		Debug|Any CPU = Debug|Any CPU
		Release|Any CPU = Release|Any CPU
	EndGlobalSection
	GlobalSection(ProjectConfigurationPlatforms) = postSolution
		{9D444918-88DB-4335-81D8-4B23843B7179}.Debug|Any CPU.ActiveCfg = Debug|Any CPU
		{9D444918-88DB-4335-81D8-4B23843B7179}.Debug|Any CPU.Build.0 = Debug|Any CPU
		{9D444918-88DB-4335-81D8-4B23843B7179}.Release|Any CPU.ActiveCfg = Release|Any CPU
		{9D444918-88DB-4335-81D8-4B23843B7179}.Release|Any CPU.Build.0 = Release|Any CPU
	EndGlobalSection
	GlobalSection(SolutionProperties) = preSolution
		HideSolutionNode = FALSE
	EndGlobalSection
	GlobalSection(ExtensibilityGlobals) = postSolution
		SolutionGuid = {DD81EFBC-0129-4129-92FC-4740B0F790CD}
	EndGlobalSection
EndGlobal
